<?xml version="1.0" encoding="utf-8"?>
<Project ToolsVersion="4.0" xmlns="http://schemas.microsoft.com/developer/msbuild/2003">
  <ItemGroup>
    <Filter Include="Assets">
      <UniqueIdentifier>efea4741-8575-408e-bc40-9173472e51ff</UniqueIdentifier>
      <Extensions>ico;cur;bmp;dds;dlg;fbx;rct;bin;rgs;gif;jpg;jpeg;jpe;resx;tga;tiff;tif;png;wav;mfcribbon-ms</Extensions>
    </Filter>
    <Filter Include="Headers">
      <UniqueIdentifier>{2d52ed9e-e4ef-4b5e-9133-a00d501b6ba7}</UniqueIdentifier>
    </Filter>
    <Filter Include="Sources">
      <UniqueIdentifier>{1268de68-457e-438b-b48d-b0edf8b94978}</UniqueIdentifier>
    </Filter>
    <Filter Include="Common">
      <UniqueIdentifier>711bf8eb-89c2-470c-97cc-703121c256b1</UniqueIdentifier>
    </Filter>
    <Filter Include="Sources\Shapes">
      <UniqueIdentifier>{198ec1fc-b420-4be9-b5a7-c4ab6d6d8f7f}</UniqueIdentifier>
    </Filter>
    <Filter Include="Headers\Shapes">
      <UniqueIdentifier>{df91ee0e-b768-4c3a-9665-23debf6f4d5a}</UniqueIdentifier>
    </Filter>
  </ItemGroup>
  <ItemGroup>
    <ClInclude Include="pch.h" />
    <ClInclude Include="Game.h" />
    <ClInclude Include="StepTimer.h">
      <Filter>Common</Filter>
    </ClInclude>
    <ClInclude Include="DeviceResources.h">
      <Filter>Common</Filter>
    </ClInclude>
    <ClInclude Include="Headers\Component.h">
      <Filter>Headers</Filter>
    </ClInclude>
    <ClInclude Include="Headers\TransformComponent.h">
      <Filter>Headers</Filter>
    </ClInclude>
    <ClInclude Include="Headers\System.h">
      <Filter>Headers</Filter>
    </ClInclude>
    <ClInclude Include="Headers\GameObject.h">
      <Filter>Headers</Filter>
    </ClInclude>
    <ClInclude Include="Headers\GraphicSystem.h">
      <Filter>Headers</Filter>
    </ClInclude>
    <ClInclude Include="Headers\ObjectSystem.h">
      <Filter>Headers</Filter>
    </ClInclude>
    <ClInclude Include="Headers\RigidbodyComponent.h">
      <Filter>Headers</Filter>
    </ClInclude>
    <ClInclude Include="Headers\PhysicSystem.h">
      <Filter>Headers</Filter>
    </ClInclude>
    <ClInclude Include="Headers\InputSystem.h">
      <Filter>Headers</Filter>
    </ClInclude>
    <ClInclude Include="DebugDraw.h">
      <Filter>Common</Filter>
    </ClInclude>
    <ClInclude Include="Headers\Shape.h">
      <Filter>Headers\Shapes</Filter>
    </ClInclude>
    <ClInclude Include="Headers\Sphere.h">
      <Filter>Headers\Shapes</Filter>
    </ClInclude>
    <ClInclude Include="Headers\OrientedBoundingBox.h">
      <Filter>Headers\Shapes</Filter>
    </ClInclude>
    <ClInclude Include="Headers\ContactSolver.h">
      <Filter>Headers</Filter>
    </ClInclude>
  </ItemGroup>
  <ItemGroup>
    <ClCompile Include="pch.cpp" />
    <ClCompile Include="Game.cpp" />
    <ClCompile Include="Main.cpp" />
    <ClCompile Include="DeviceResources.cpp">
      <Filter>Common</Filter>
    </ClCompile>
    <ClCompile Include="Sources\Component.cpp">
      <Filter>Sources</Filter>
    </ClCompile>
    <ClCompile Include="Sources\TransformComponent.cpp">
      <Filter>Sources</Filter>
    </ClCompile>
    <ClCompile Include="Sources\System.cpp">
      <Filter>Sources</Filter>
    </ClCompile>
    <ClCompile Include="Sources\GameObject.cpp">
      <Filter>Sources</Filter>
    </ClCompile>
    <ClCompile Include="Sources\GraphicSystem.cpp">
      <Filter>Sources</Filter>
    </ClCompile>
    <ClCompile Include="Sources\ObjectSystem.cpp">
      <Filter>Sources</Filter>
    </ClCompile>
    <ClCompile Include="Sources\RigidbodyComponent.cpp">
      <Filter>Sources</Filter>
    </ClCompile>
    <ClCompile Include="Sources\PhysicSystem.cpp">
      <Filter>Sources</Filter>
    </ClCompile>
    <ClCompile Include="Sources\InputSystem.cpp">
      <Filter>Sources</Filter>
    </ClCompile>
    <ClCompile Include="DebugDraw.cpp">
      <Filter>Common</Filter>
    </ClCompile>
    <ClCompile Include="Sources\Shape.cpp">
      <Filter>Sources\Shapes</Filter>
    </ClCompile>
    <ClCompile Include="Sources\Sphere.cpp">
      <Filter>Sources\Shapes</Filter>
    </ClCompile>
    <ClCompile Include="Sources\OrientedBoundingBox.cpp">
      <Filter>Sources\Shapes</Filter>
    </ClCompile>
    <ClCompile Include="Sources\ContactSolver.cpp">
      <Filter>Sources</Filter>
    </ClCompile>
  </ItemGroup>
  <ItemGroup>
    <ResourceCompile Include="resource.rc" />
  </ItemGroup>
  <ItemGroup>
    <Image Include="directx.ico">
      <Filter>Assets</Filter>
    </Image>
  </ItemGroup>
  <ItemGroup>
    <Manifest Include="settings.manifest">
      <Filter>Assets</Filter>
    </Manifest>
  </ItemGroup>
  <ItemGroup>
    <None Include="packages.config" />
  </ItemGroup>
</Project>